
Microsoft Visual Studio Solution File, Format Version 12.00
# Visual Studio Version 16
VisualStudioVersion = 16.0.29709.97
MinimumVisualStudioVersion = 15.0.26124.0
Project("{9A19103F-16F7-4668-BE54-9A1E7A4F7556}") = "Packer", "src\Packer\Packer.csproj", "{D3D85477-CA4F-4C43-B025-11CE8D0D5EAE}"
EndProject
Project("{9A19103F-16F7-4668-BE54-9A1E7A4F7556}") = "Spider", "src\Spider\Spider.csproj", "{EEC2722D-E905-45E0-983B-C0ADC3CF8F52}"
EndProject
Global
	GlobalSection(SolutionConfigurationPlatforms) = preSolution
		Debug|Any CPU = Debug|Any CPU
		Debug|x64 = Debug|x64
		Debug|x86 = Debug|x86
		Release|Any CPU = Release|Any CPU
		Release|x64 = Release|x64
		Release|x86 = Release|x86
	EndGlobalSection
	GlobalSection(ProjectConfigurationPlatforms) = postSolution
		{D3D85477-CA4F-4C43-B025-11CE8D0D5EAE}.Debug|Any CPU.ActiveCfg = Debug|Any CPU
		{D3D85477-CA4F-4C43-B025-11CE8D0D5EAE}.Debug|Any CPU.Build.0 = Debug|Any CPU
		{D3D85477-CA4F-4C43-B025-11CE8D0D5EAE}.Debug|x64.ActiveCfg = Debug|Any CPU
		{D3D85477-CA4F-4C43-B025-11CE8D0D5EAE}.Debug|x64.Build.0 = Debug|Any CPU
		{D3D85477-CA4F-4C43-B025-11CE8D0D5EAE}.Debug|x86.ActiveCfg = Debug|Any CPU
		{D3D85477-CA4F-4C43-B025-11CE8D0D5EAE}.Debug|x86.Build.0 = Debug|Any CPU
		{D3D85477-CA4F-4C43-B025-11CE8D0D5EAE}.Release|Any CPU.ActiveCfg = Release|Any CPU
		{D3D85477-CA4F-4C43-B025-11CE8D0D5EAE}.Release|Any CPU.Build.0 = Release|Any CPU
		{D3D85477-CA4F-4C43-B025-11CE8D0D5EAE}.Release|x64.ActiveCfg = Release|Any CPU
		{D3D85477-CA4F-4C43-B025-11CE8D0D5EAE}.Release|x64.Build.0 = Release|Any CPU
		{D3D85477-CA4F-4C43-B025-11CE8D0D5EAE}.Release|x86.ActiveCfg = Release|Any CPU
		{D3D85477-CA4F-4C43-B025-11CE8D0D5EAE}.Release|x86.Build.0 = Release|Any CPU
		{EEC2722D-E905-45E0-983B-C0ADC3CF8F52}.Debug|Any CPU.ActiveCfg = Debug|Any CPU
		{EEC2722D-E905-45E0-983B-C0ADC3CF8F52}.Debug|Any CPU.Build.0 = Debug|Any CPU
		{EEC2722D-E905-45E0-983B-C0ADC3CF8F52}.Debug|x64.ActiveCfg = Debug|Any CPU
		{EEC2722D-E905-45E0-983B-C0ADC3CF8F52}.Debug|x64.Build.0 = Debug|Any CPU
		{EEC2722D-E905-45E0-983B-C0ADC3CF8F52}.Debug|x86.ActiveCfg = Debug|Any CPU
		{EEC2722D-E905-45E0-983B-C0ADC3CF8F52}.Debug|x86.Build.0 = Debug|Any CPU
		{EEC2722D-E905-45E0-983B-C0ADC3CF8F52}.Release|Any CPU.ActiveCfg = Release|Any CPU
		{EEC2722D-E905-45E0-983B-C0ADC3CF8F52}.Release|Any CPU.Build.0 = Release|Any CPU
		{EEC2722D-E905-45E0-983B-C0ADC3CF8F52}.Release|x64.ActiveCfg = Release|Any CPU
		{EEC2722D-E905-45E0-983B-C0ADC3CF8F52}.Release|x64.Build.0 = Release|Any CPU
		{EEC2722D-E905-45E0-983B-C0ADC3CF8F52}.Release|x86.ActiveCfg = Release|Any CPU
		{EEC2722D-E905-45E0-983B-C0ADC3CF8F52}.Release|x86.Build.0 = Release|Any CPU
	EndGlobalSection
	GlobalSection(SolutionProperties) = preSolution
		HideSolutionNode = FALSE
	EndGlobalSection
	GlobalSection(ExtensibilityGlobals) = postSolution
		SolutionGuid = {0C118EBB-F249-41CE-BAA2-F5DD9A6DDCB9}
	EndGlobalSection
EndGlobal
