
Microsoft Visual Studio Solution File, Format Version 12.00
# Visual Studio Version 16
VisualStudioVersion = 16.0.30404.54
MinimumVisualStudioVersion = 10.0.40219.1
Project("{9A19103F-16F7-4668-BE54-9A1E7A4F7556}") = "Formatter", "src\Formatter\Formatter.csproj", "{26299ABD-B2FA-4F7E-87D8-B3546C90309B}"
EndProject
Project("{9A19103F-16F7-4668-BE54-9A1E7A4F7556}") = "Packer", "src\Packer\Packer.csproj", "{F97AC34F-ACBA-405C-A5D4-30B3729091F8}"
EndProject
Project("{9A19103F-16F7-4668-BE54-9A1E7A4F7556}") = "Uploader", "src\Uploader\Uploader.csproj", "{BB2DBF6F-C590-49A5-893B-2622010485BE}"
EndProject
Project("{9A19103F-16F7-4668-BE54-9A1E7A4F7556}") = "Spider", "src\Spider\Spider.csproj", "{309120C8-CB14-429D-A3F8-CBBADFCFEDC3}"
EndProject
Project("{FAE04EC0-301F-11D3-BF4B-00C04F79EFBC}") = "Language.Core", "src\Language.Core\Language.Core.csproj", "{D59EE21C-875E-4B31-8A97-813DC4C2DB68}"
EndProject
Global
	GlobalSection(SolutionConfigurationPlatforms) = preSolution
		Debug|Any CPU = Debug|Any CPU
		Release|Any CPU = Release|Any CPU
	EndGlobalSection
	GlobalSection(ProjectConfigurationPlatforms) = postSolution
		{26299ABD-B2FA-4F7E-87D8-B3546C90309B}.Debug|Any CPU.ActiveCfg = Debug|Any CPU
		{26299ABD-B2FA-4F7E-87D8-B3546C90309B}.Debug|Any CPU.Build.0 = Debug|Any CPU
		{26299ABD-B2FA-4F7E-87D8-B3546C90309B}.Release|Any CPU.ActiveCfg = Release|Any CPU
		{26299ABD-B2FA-4F7E-87D8-B3546C90309B}.Release|Any CPU.Build.0 = Release|Any CPU
		{F97AC34F-ACBA-405C-A5D4-30B3729091F8}.Debug|Any CPU.ActiveCfg = Debug|Any CPU
		{F97AC34F-ACBA-405C-A5D4-30B3729091F8}.Debug|Any CPU.Build.0 = Debug|Any CPU
		{F97AC34F-ACBA-405C-A5D4-30B3729091F8}.Release|Any CPU.ActiveCfg = Release|Any CPU
		{F97AC34F-ACBA-405C-A5D4-30B3729091F8}.Release|Any CPU.Build.0 = Release|Any CPU
		{BB2DBF6F-C590-49A5-893B-2622010485BE}.Debug|Any CPU.ActiveCfg = Debug|Any CPU
		{BB2DBF6F-C590-49A5-893B-2622010485BE}.Debug|Any CPU.Build.0 = Debug|Any CPU
		{BB2DBF6F-C590-49A5-893B-2622010485BE}.Release|Any CPU.ActiveCfg = Release|Any CPU
		{BB2DBF6F-C590-49A5-893B-2622010485BE}.Release|Any CPU.Build.0 = Release|Any CPU
		{309120C8-CB14-429D-A3F8-CBBADFCFEDC3}.Debug|Any CPU.ActiveCfg = Debug|Any CPU
		{309120C8-CB14-429D-A3F8-CBBADFCFEDC3}.Debug|Any CPU.Build.0 = Debug|Any CPU
		{309120C8-CB14-429D-A3F8-CBBADFCFEDC3}.Release|Any CPU.ActiveCfg = Release|Any CPU
		{309120C8-CB14-429D-A3F8-CBBADFCFEDC3}.Release|Any CPU.Build.0 = Release|Any CPU
		{D59EE21C-875E-4B31-8A97-813DC4C2DB68}.Debug|Any CPU.ActiveCfg = Debug|Any CPU
		{D59EE21C-875E-4B31-8A97-813DC4C2DB68}.Debug|Any CPU.Build.0 = Debug|Any CPU
		{D59EE21C-875E-4B31-8A97-813DC4C2DB68}.Release|Any CPU.ActiveCfg = Release|Any CPU
		{D59EE21C-875E-4B31-8A97-813DC4C2DB68}.Release|Any CPU.Build.0 = Release|Any CPU
	EndGlobalSection
	GlobalSection(SolutionProperties) = preSolution
		HideSolutionNode = FALSE
	EndGlobalSection
	GlobalSection(ExtensibilityGlobals) = postSolution
		SolutionGuid = {6D5A1F47-B952-40F4-BB8C-61D60B516500}
	EndGlobalSection
EndGlobal
