
Microsoft Visual Studio Solution File, Format Version 12.00
# Visual Studio Version 16
VisualStudioVersion = 16.0.29521.150
MinimumVisualStudioVersion = 10.0.40219.1
Project("{FAE04EC0-301F-11D3-BF4B-00C04F79EFBC}") = "Pack", "Pack\Pack.csproj", "{E466815E-BFB6-4628-944D-21FA7056C074}"
EndProject
Global
	GlobalSection(SolutionConfigurationPlatforms) = preSolution
		Debug|Any CPU = Debug|Any CPU
		Release|Any CPU = Release|Any CPU
	EndGlobalSection
	GlobalSection(ProjectConfigurationPlatforms) = postSolution
		{E466815E-BFB6-4628-944D-21FA7056C074}.Debug|Any CPU.ActiveCfg = Debug|Any CPU
		{E466815E-BFB6-4628-944D-21FA7056C074}.Debug|Any CPU.Build.0 = Debug|Any CPU
		{E466815E-BFB6-4628-944D-21FA7056C074}.Release|Any CPU.ActiveCfg = Release|Any CPU
		{E466815E-BFB6-4628-944D-21FA7056C074}.Release|Any CPU.Build.0 = Release|Any CPU
	EndGlobalSection
	GlobalSection(SolutionProperties) = preSolution
		HideSolutionNode = FALSE
	EndGlobalSection
	GlobalSection(ExtensibilityGlobals) = postSolution
		SolutionGuid = {23CB6734-B206-4928-90FC-FD805029C8B5}
	EndGlobalSection
EndGlobal
