
Microsoft Visual Studio Solution File, Format Version 12.00
# Visual Studio Version 16
VisualStudioVersion = 16.0.30028.174
MinimumVisualStudioVersion = 10.0.40219.1
Project("{9A19103F-16F7-4668-BE54-9A1E7A4F7556}") = "Spider", "Spider\Spider.csproj", "{843367F2-B2E8-4608-83B4-5487EA0CBF55}"
EndProject
Global
	GlobalSection(SolutionConfigurationPlatforms) = preSolution
		Debug|Any CPU = Debug|Any CPU
		Release|Any CPU = Release|Any CPU
	EndGlobalSection
	GlobalSection(ProjectConfigurationPlatforms) = postSolution
		{843367F2-B2E8-4608-83B4-5487EA0CBF55}.Debug|Any CPU.ActiveCfg = Debug|Any CPU
		{843367F2-B2E8-4608-83B4-5487EA0CBF55}.Debug|Any CPU.Build.0 = Debug|Any CPU
		{843367F2-B2E8-4608-83B4-5487EA0CBF55}.Release|Any CPU.ActiveCfg = Release|Any CPU
		{843367F2-B2E8-4608-83B4-5487EA0CBF55}.Release|Any CPU.Build.0 = Release|Any CPU
	EndGlobalSection
	GlobalSection(SolutionProperties) = preSolution
		HideSolutionNode = FALSE
	EndGlobalSection
	GlobalSection(ExtensibilityGlobals) = postSolution
		SolutionGuid = {E26BC33D-F31F-4AE0-B30B-5347CCC16224}
	EndGlobalSection
EndGlobal
